
Microsoft Visual Studio Solution File, Format Version 12.00
# Visual Studio Version 17
VisualStudioVersion = 17.4.33205.214
MinimumVisualStudioVersion = 10.0.40219.1
Project("{2150E333-8FDC-42A3-9474-1A3956D46DE8}") = "Skins", "Skins", "{409484D8-C0DB-4991-AF03-124128EDEF98}"
EndProject
Project("{2150E333-8FDC-42A3-9474-1A3956D46DE8}") = "Setup", "Setup", "{B695E1F6-785D-45CB-BCE0-0E9635DFC1DE}"
EndProject
Project("{8BC9CEB8-8B4A-11D0-8D11-00A0C91BC942}") = "StartMenu", "StartMenu\StartMenu.vcxproj", "{87D5FE20-AF86-458A-9AA3-3131EB06179B}"
	ProjectSection(ProjectDependencies) = postProject
		{02C1673F-01B3-44E3-BFB5-5F4E70FF18FA} = {02C1673F-01B3-44E3-BFB5-5F4E70FF18FA}
		{0AFF1E58-761F-4F38-AA54-0C051E5F5010} = {0AFF1E58-761F-4F38-AA54-0C051E5F5010}
		{0DBCD732-1B4A-4912-8984-CCE35E46888A} = {0DBCD732-1B4A-4912-8984-CCE35E46888A}
		{81EB6336-366C-47DD-82CF-FF6C36CCD2B5} = {81EB6336-366C-47DD-82CF-FF6C36CCD2B5}
		{9DC4EEEA-DC4B-4231-9C00-0DA050B16E50} = {9DC4EEEA-DC4B-4231-9C00-0DA050B16E50}
	EndProjectSection
EndProject
Project("{8BC9CEB8-8B4A-11D0-8D11-00A0C91BC942}") = "StartMenuDLL", "StartMenu\StartMenuDLL\StartMenuDLL.vcxproj", "{85DEECBB-1F9B-4983-9D54-3BF42182B7E7}"
EndProject
Project("{8BC9CEB8-8B4A-11D0-8D11-00A0C91BC942}") = "ClassicExplorer", "ClassicExplorer\ClassicExplorer.vcxproj", "{9AF324B7-F786-4D85-B2E1-6E51720F874E}"
EndProject
Project("{8BC9CEB8-8B4A-11D0-8D11-00A0C91BC942}") = "Setup", "Setup\Setup.vcxproj", "{A4A4D3B1-24E7-401E-A37C-72141D7603DC}"
EndProject
Project("{8BC9CEB8-8B4A-11D0-8D11-00A0C91BC942}") = "SetupHelper", "Setup\SetupHelper\SetupHelper.vcxproj", "{E1017135-9916-4B11-9AC5-1EC0BD8F8CD6}"
EndProject
Project("{8BC9CEB8-8B4A-11D0-8D11-00A0C91BC942}") = "ClassicExplorerSettings", "ClassicExplorer\ClassicExplorerSettings\ClassicExplorerSettings.vcxproj", "{E93271C8-0252-4A08-8227-1978C64C2D34}"
EndProject
Project("{8BC9CEB8-8B4A-11D0-8D11-00A0C91BC942}") = "en-US", "Setup\en-US\en-US.vcxproj", "{0A60FD06-3A81-4651-A869-9850DBC115EA}"
EndProject
Project("{8BC9CEB8-8B4A-11D0-8D11-00A0C91BC942}") = "Lib", "Lib\Lib.vcxproj", "{D42FE717-485B-492D-884A-1999F6D51154}"
EndProject
Project("{8BC9CEB8-8B4A-11D0-8D11-00A0C91BC942}") = "ClassicIE", "ClassicIE\ClassicIE.vcxproj", "{65D5C193-E807-4094-AE19-19E6A310A312}"
EndProject
Project("{8BC9CEB8-8B4A-11D0-8D11-00A0C91BC942}") = "ClassicIEDLL", "ClassicIE\ClassicIEDLL\ClassicIEDLL.vcxproj", "{BC0E6E7C-08C1-4F12-A754-4608E5A22FA8}"
EndProject
Project("{8BC9CEB8-8B4A-11D0-8D11-00A0C91BC942}") = "Update", "Update\Update.vcxproj", "{171B46B0-6083-4D9E-BD33-946EA3BD76FA}"
	ProjectSection(ProjectDependencies) = postProject
		{D94BD2A6-1872-4F01-B911-F406603AA2E1} = {D94BD2A6-1872-4F01-B911-F406603AA2E1}
	EndProjectSection
EndProject
Project("{8BC9CEB8-8B4A-11D0-8D11-00A0C91BC942}") = "StartMenuHelper", "StartMenu\StartMenuHelper\StartMenuHelper.vcxproj", "{A42C6159-ACA8-46D1-A0FB-19C398B137D5}"
EndProject
Project("{8BC9CEB8-8B4A-11D0-8D11-00A0C91BC942}") = "Utility", "Setup\Utility\Utility.vcxproj", "{DAE66C9B-05DC-4ACE-97DA-2547B490BBFF}"
EndProject
Project("{8BC9CEB8-8B4A-11D0-8D11-00A0C91BC942}") = "DesktopToasts", "Update\DesktopToasts\DesktopToasts.vcxproj", "{D94BD2A6-1872-4F01-B911-F406603AA2E1}"
EndProject
Project("{8BC9CEB8-8B4A-11D0-8D11-00A0C91BC942}") = "WinXPLunaBlueBeta", "Skins\WinXPLunaBlueBeta\WinXPLunaBlueBeta.vcxproj", "{81EB6336-366C-47DD-82CF-FF6C36CCD2B5}"
EndProject
Project("{8BC9CEB8-8B4A-11D0-8D11-00A0C91BC942}") = "Zune", "Skins\Zune\Zune.vcxproj", "{9DC4EEEA-DC4B-4231-9C00-0DA050B16E50}"
EndProject
Project("{8BC9CEB8-8B4A-11D0-8D11-00A0C91BC942}") = "RoyaleNoir", "Skins\RoyaleNoir\RoyaleNoir.vcxproj", "{0AFF1E58-761F-4F38-AA54-0C051E5F5010}"
EndProject
Project("{8BC9CEB8-8B4A-11D0-8D11-00A0C91BC942}") = "Watercolor", "Skins\Watercolor\Watercolor.vcxproj", "{02C1673F-01B3-44E3-BFB5-5F4E70FF18FA}"
EndProject
Project("{8BC9CEB8-8B4A-11D0-8D11-00A0C91BC942}") = "XPLuna", "Skins\XPLuna\XPLuna.vcxproj", "{0DBCD732-1B4A-4912-8984-CCE35E46888A}"
EndProject
Global
	GlobalSection(SolutionConfigurationPlatforms) = preSolution
		Debug|Win32 = Debug|Win32
		Debug|x64 = Debug|x64
		Release|Win32 = Release|Win32
		Release|x64 = Release|x64
		Setup|Win32 = Setup|Win32
		Setup|x64 = Setup|x64
	EndGlobalSection
	GlobalSection(ProjectConfigurationPlatforms) = postSolution
		{87D5FE20-AF86-458A-9AA3-3131EB06179B}.Debug|Win32.ActiveCfg = Debug|Win32
		{87D5FE20-AF86-458A-9AA3-3131EB06179B}.Debug|Win32.Build.0 = Debug|Win32
		{87D5FE20-AF86-458A-9AA3-3131EB06179B}.Debug|x64.ActiveCfg = Debug|x64
		{87D5FE20-AF86-458A-9AA3-3131EB06179B}.Debug|x64.Build.0 = Debug|x64
		{87D5FE20-AF86-458A-9AA3-3131EB06179B}.Release|Win32.ActiveCfg = Release|Win32
		{87D5FE20-AF86-458A-9AA3-3131EB06179B}.Release|Win32.Build.0 = Release|Win32
		{87D5FE20-AF86-458A-9AA3-3131EB06179B}.Release|x64.ActiveCfg = Release|x64
		{87D5FE20-AF86-458A-9AA3-3131EB06179B}.Release|x64.Build.0 = Release|x64
		{87D5FE20-AF86-458A-9AA3-3131EB06179B}.Setup|Win32.ActiveCfg = Setup|Win32
		{87D5FE20-AF86-458A-9AA3-3131EB06179B}.Setup|Win32.Build.0 = Setup|Win32
		{87D5FE20-AF86-458A-9AA3-3131EB06179B}.Setup|x64.ActiveCfg = Setup|x64
		{87D5FE20-AF86-458A-9AA3-3131EB06179B}.Setup|x64.Build.0 = Setup|x64
		{85DEECBB-1F9B-4983-9D54-3BF42182B7E7}.Debug|Win32.ActiveCfg = Debug|Win32
		{85DEECBB-1F9B-4983-9D54-3BF42182B7E7}.Debug|Win32.Build.0 = Debug|Win32
		{85DEECBB-1F9B-4983-9D54-3BF42182B7E7}.Debug|x64.ActiveCfg = Debug|x64
		{85DEECBB-1F9B-4983-9D54-3BF42182B7E7}.Debug|x64.Build.0 = Debug|x64
		{85DEECBB-1F9B-4983-9D54-3BF42182B7E7}.Release|Win32.ActiveCfg = Release|Win32
		{85DEECBB-1F9B-4983-9D54-3BF42182B7E7}.Release|Win32.Build.0 = Release|Win32
		{85DEECBB-1F9B-4983-9D54-3BF42182B7E7}.Release|x64.ActiveCfg = Release|x64
		{85DEECBB-1F9B-4983-9D54-3BF42182B7E7}.Release|x64.Build.0 = Release|x64
		{85DEECBB-1F9B-4983-9D54-3BF42182B7E7}.Setup|Win32.ActiveCfg = Setup|Win32
		{85DEECBB-1F9B-4983-9D54-3BF42182B7E7}.Setup|Win32.Build.0 = Setup|Win32
		{85DEECBB-1F9B-4983-9D54-3BF42182B7E7}.Setup|x64.ActiveCfg = Setup|x64
		{85DEECBB-1F9B-4983-9D54-3BF42182B7E7}.Setup|x64.Build.0 = Setup|x64
		{9AF324B7-F786-4D85-B2E1-6E51720F874E}.Debug|Win32.ActiveCfg = Debug|Win32
		{9AF324B7-F786-4D85-B2E1-6E51720F874E}.Debug|Win32.Build.0 = Debug|Win32
		{9AF324B7-F786-4D85-B2E1-6E51720F874E}.Debug|x64.ActiveCfg = Debug|x64
		{9AF324B7-F786-4D85-B2E1-6E51720F874E}.Debug|x64.Build.0 = Debug|x64
		{9AF324B7-F786-4D85-B2E1-6E51720F874E}.Release|Win32.ActiveCfg = Release|Win32
		{9AF324B7-F786-4D85-B2E1-6E51720F874E}.Release|Win32.Build.0 = Release|Win32
		{9AF324B7-F786-4D85-B2E1-6E51720F874E}.Release|x64.ActiveCfg = Release|x64
		{9AF324B7-F786-4D85-B2E1-6E51720F874E}.Release|x64.Build.0 = Release|x64
		{9AF324B7-F786-4D85-B2E1-6E51720F874E}.Setup|Win32.ActiveCfg = Setup|Win32
		{9AF324B7-F786-4D85-B2E1-6E51720F874E}.Setup|Win32.Build.0 = Setup|Win32
		{9AF324B7-F786-4D85-B2E1-6E51720F874E}.Setup|x64.ActiveCfg = Setup|x64
		{9AF324B7-F786-4D85-B2E1-6E51720F874E}.Setup|x64.Build.0 = Setup|x64
		{A4A4D3B1-24E7-401E-A37C-72141D7603DC}.Debug|Win32.ActiveCfg = Debug|Win32
		{A4A4D3B1-24E7-401E-A37C-72141D7603DC}.Debug|Win32.Build.0 = Debug|Win32
		{A4A4D3B1-24E7-401E-A37C-72141D7603DC}.Debug|x64.ActiveCfg = Debug|Win32
		{A4A4D3B1-24E7-401E-A37C-72141D7603DC}.Release|Win32.ActiveCfg = Release|Win32
		{A4A4D3B1-24E7-401E-A37C-72141D7603DC}.Release|Win32.Build.0 = Release|Win32
		{A4A4D3B1-24E7-401E-A37C-72141D7603DC}.Release|x64.ActiveCfg = Release|Win32
		{A4A4D3B1-24E7-401E-A37C-72141D7603DC}.Setup|Win32.ActiveCfg = Release|Win32
		{A4A4D3B1-24E7-401E-A37C-72141D7603DC}.Setup|x64.ActiveCfg = Release|Win32
		{E1017135-9916-4B11-9AC5-1EC0BD8F8CD6}.Debug|Win32.ActiveCfg = Debug|Win32
		{E1017135-9916-4B11-9AC5-1EC0BD8F8CD6}.Debug|Win32.Build.0 = Debug|Win32
		{E1017135-9916-4B11-9AC5-1EC0BD8F8CD6}.Debug|x64.ActiveCfg = Debug|Win32
		{E1017135-9916-4B11-9AC5-1EC0BD8F8CD6}.Release|Win32.ActiveCfg = Release|Win32
		{E1017135-9916-4B11-9AC5-1EC0BD8F8CD6}.Release|Win32.Build.0 = Release|Win32
		{E1017135-9916-4B11-9AC5-1EC0BD8F8CD6}.Release|x64.ActiveCfg = Release|Win32
		{E1017135-9916-4B11-9AC5-1EC0BD8F8CD6}.Setup|Win32.ActiveCfg = Release|Win32
		{E1017135-9916-4B11-9AC5-1EC0BD8F8CD6}.Setup|Win32.Build.0 = Release|Win32
		{E1017135-9916-4B11-9AC5-1EC0BD8F8CD6}.Setup|x64.ActiveCfg = Release|Win32
		{E93271C8-0252-4A08-8227-1978C64C2D34}.Debug|Win32.ActiveCfg = Debug|Win32
		{E93271C8-0252-4A08-8227-1978C64C2D34}.Debug|Win32.Build.0 = Debug|Win32
		{E93271C8-0252-4A08-8227-1978C64C2D34}.Debug|x64.ActiveCfg = Debug|Win32
		{E93271C8-0252-4A08-8227-1978C64C2D34}.Release|Win32.ActiveCfg = Release|Win32
		{E93271C8-0252-4A08-8227-1978C64C2D34}.Release|Win32.Build.0 = Release|Win32
		{E93271C8-0252-4A08-8227-1978C64C2D34}.Release|x64.ActiveCfg = Release|Win32
		{E93271C8-0252-4A08-8227-1978C64C2D34}.Setup|Win32.ActiveCfg = Setup|Win32
		{E93271C8-0252-4A08-8227-1978C64C2D34}.Setup|Win32.Build.0 = Setup|Win32
		{E93271C8-0252-4A08-8227-1978C64C2D34}.Setup|x64.ActiveCfg = Setup|Win32
		{0A60FD06-3A81-4651-A869-9850DBC115EA}.Debug|Win32.ActiveCfg = Resource|Win32
		{0A60FD06-3A81-4651-A869-9850DBC115EA}.Debug|Win32.Build.0 = Resource|Win32
		{0A60FD06-3A81-4651-A869-9850DBC115EA}.Debug|x64.ActiveCfg = Resource|Win32
		{0A60FD06-3A81-4651-A869-9850DBC115EA}.Release|Win32.ActiveCfg = Resource|Win32
		{0A60FD06-3A81-4651-A869-9850DBC115EA}.Release|Win32.Build.0 = Resource|Win32
		{0A60FD06-3A81-4651-A869-9850DBC115EA}.Release|x64.ActiveCfg = Resource|Win32
		{0A60FD06-3A81-4651-A869-9850DBC115EA}.Setup|Win32.ActiveCfg = Resource|Win32
		{0A60FD06-3A81-4651-A869-9850DBC115EA}.Setup|Win32.Build.0 = Resource|Win32
		{0A60FD06-3A81-4651-A869-9850DBC115EA}.Setup|x64.ActiveCfg = Resource|Win32
		{D42FE717-485B-492D-884A-1999F6D51154}.Debug|Win32.ActiveCfg = Debug|Win32
		{D42FE717-485B-492D-884A-1999F6D51154}.Debug|Win32.Build.0 = Debug|Win32
		{D42FE717-485B-492D-884A-1999F6D51154}.Debug|x64.ActiveCfg = Debug|x64
		{D42FE717-485B-492D-884A-1999F6D51154}.Debug|x64.Build.0 = Debug|x64
		{D42FE717-485B-492D-884A-1999F6D51154}.Release|Win32.ActiveCfg = Release|Win32
		{D42FE717-485B-492D-884A-1999F6D51154}.Release|Win32.Build.0 = Release|Win32
		{D42FE717-485B-492D-884A-1999F6D51154}.Release|x64.ActiveCfg = Release|x64
		{D42FE717-485B-492D-884A-1999F6D51154}.Release|x64.Build.0 = Release|x64
		{D42FE717-485B-492D-884A-1999F6D51154}.Setup|Win32.ActiveCfg = Release|Win32
		{D42FE717-485B-492D-884A-1999F6D51154}.Setup|Win32.Build.0 = Release|Win32
		{D42FE717-485B-492D-884A-1999F6D51154}.Setup|x64.ActiveCfg = Release|x64
		{D42FE717-485B-492D-884A-1999F6D51154}.Setup|x64.Build.0 = Release|x64
		{65D5C193-E807-4094-AE19-19E6A310A312}.Debug|Win32.ActiveCfg = Debug|Win32
		{65D5C193-E807-4094-AE19-19E6A310A312}.Debug|Win32.Build.0 = Debug|Win32
		{65D5C193-E807-4094-AE19-19E6A310A312}.Debug|x64.ActiveCfg = Debug|x64
		{65D5C193-E807-4094-AE19-19E6A310A312}.Debug|x64.Build.0 = Debug|x64
		{65D5C193-E807-4094-AE19-19E6A310A312}.Release|Win32.ActiveCfg = Release|Win32
		{65D5C193-E807-4094-AE19-19E6A310A312}.Release|Win32.Build.0 = Release|Win32
		{65D5C193-E807-4094-AE19-19E6A310A312}.Release|x64.ActiveCfg = Release|x64
		{65D5C193-E807-4094-AE19-19E6A310A312}.Release|x64.Build.0 = Release|x64
		{65D5C193-E807-4094-AE19-19E6A310A312}.Setup|Win32.ActiveCfg = Setup|Win32
		{65D5C193-E807-4094-AE19-19E6A310A312}.Setup|Win32.Build.0 = Setup|Win32
		{65D5C193-E807-4094-AE19-19E6A310A312}.Setup|x64.ActiveCfg = Setup|x64
		{65D5C193-E807-4094-AE19-19E6A310A312}.Setup|x64.Build.0 = Setup|x64
		{BC0E6E7C-08C1-4F12-A754-4608E5A22FA8}.Debug|Win32.ActiveCfg = Debug|Win32
		{BC0E6E7C-08C1-4F12-A754-4608E5A22FA8}.Debug|Win32.Build.0 = Debug|Win32
		{BC0E6E7C-08C1-4F12-A754-4608E5A22FA8}.Debug|x64.ActiveCfg = Debug|x64
		{BC0E6E7C-08C1-4F12-A754-4608E5A22FA8}.Debug|x64.Build.0 = Debug|x64
		{BC0E6E7C-08C1-4F12-A754-4608E5A22FA8}.Release|Win32.ActiveCfg = Release|Win32
		{BC0E6E7C-08C1-4F12-A754-4608E5A22FA8}.Release|Win32.Build.0 = Release|Win32
		{BC0E6E7C-08C1-4F12-A754-4608E5A22FA8}.Release|x64.ActiveCfg = Release|x64
		{BC0E6E7C-08C1-4F12-A754-4608E5A22FA8}.Release|x64.Build.0 = Release|x64
		{BC0E6E7C-08C1-4F12-A754-4608E5A22FA8}.Setup|Win32.ActiveCfg = Setup|Win32
		{BC0E6E7C-08C1-4F12-A754-4608E5A22FA8}.Setup|Win32.Build.0 = Setup|Win32
		{BC0E6E7C-08C1-4F12-A754-4608E5A22FA8}.Setup|x64.ActiveCfg = Setup|x64
		{BC0E6E7C-08C1-4F12-A754-4608E5A22FA8}.Setup|x64.Build.0 = Setup|x64
		{171B46B0-6083-4D9E-BD33-946EA3BD76FA}.Debug|Win32.ActiveCfg = Debug|Win32
		{171B46B0-6083-4D9E-BD33-946EA3BD76FA}.Debug|Win32.Build.0 = Debug|Win32
		{171B46B0-6083-4D9E-BD33-946EA3BD76FA}.Debug|x64.ActiveCfg = Debug|Win32
		{171B46B0-6083-4D9E-BD33-946EA3BD76FA}.Release|Win32.ActiveCfg = Release|Win32
		{171B46B0-6083-4D9E-BD33-946EA3BD76FA}.Release|Win32.Build.0 = Release|Win32
		{171B46B0-6083-4D9E-BD33-946EA3BD76FA}.Release|x64.ActiveCfg = Release|Win32
		{171B46B0-6083-4D9E-BD33-946EA3BD76FA}.Setup|Win32.ActiveCfg = Release|Win32
		{171B46B0-6083-4D9E-BD33-946EA3BD76FA}.Setup|Win32.Build.0 = Release|Win32
		{171B46B0-6083-4D9E-BD33-946EA3BD76FA}.Setup|x64.ActiveCfg = Release|Win32
		{A42C6159-ACA8-46D1-A0FB-19C398B137D5}.Debug|Win32.ActiveCfg = Debug|Win32
		{A42C6159-ACA8-46D1-A0FB-19C398B137D5}.Debug|Win32.Build.0 = Debug|Win32
		{A42C6159-ACA8-46D1-A0FB-19C398B137D5}.Debug|x64.ActiveCfg = Debug|x64
		{A42C6159-ACA8-46D1-A0FB-19C398B137D5}.Debug|x64.Build.0 = Debug|x64
		{A42C6159-ACA8-46D1-A0FB-19C398B137D5}.Release|Win32.ActiveCfg = Release|Win32
		{A42C6159-ACA8-46D1-A0FB-19C398B137D5}.Release|Win32.Build.0 = Release|Win32
		{A42C6159-ACA8-46D1-A0FB-19C398B137D5}.Release|x64.ActiveCfg = Release|x64
		{A42C6159-ACA8-46D1-A0FB-19C398B137D5}.Release|x64.Build.0 = Release|x64
		{A42C6159-ACA8-46D1-A0FB-19C398B137D5}.Setup|Win32.ActiveCfg = Setup|Win32
		{A42C6159-ACA8-46D1-A0FB-19C398B137D5}.Setup|Win32.Build.0 = Setup|Win32
		{A42C6159-ACA8-46D1-A0FB-19C398B137D5}.Setup|x64.ActiveCfg = Setup|x64
		{A42C6159-ACA8-46D1-A0FB-19C398B137D5}.Setup|x64.Build.0 = Setup|x64
		{DAE66C9B-05DC-4ACE-97DA-2547B490BBFF}.Debug|Win32.ActiveCfg = Debug|Win32
		{DAE66C9B-05DC-4ACE-97DA-2547B490BBFF}.Debug|Win32.Build.0 = Debug|Win32
		{DAE66C9B-05DC-4ACE-97DA-2547B490BBFF}.Debug|x64.ActiveCfg = Debug|x64
		{DAE66C9B-05DC-4ACE-97DA-2547B490BBFF}.Debug|x64.Build.0 = Debug|x64
		{DAE66C9B-05DC-4ACE-97DA-2547B490BBFF}.Release|Win32.ActiveCfg = Release|Win32
		{DAE66C9B-05DC-4ACE-97DA-2547B490BBFF}.Release|Win32.Build.0 = Release|Win32
		{DAE66C9B-05DC-4ACE-97DA-2547B490BBFF}.Release|x64.ActiveCfg = Release|x64
		{DAE66C9B-05DC-4ACE-97DA-2547B490BBFF}.Release|x64.Build.0 = Release|x64
		{DAE66C9B-05DC-4ACE-97DA-2547B490BBFF}.Setup|Win32.ActiveCfg = Release|Win32
		{DAE66C9B-05DC-4ACE-97DA-2547B490BBFF}.Setup|Win32.Build.0 = Release|Win32
		{DAE66C9B-05DC-4ACE-97DA-2547B490BBFF}.Setup|x64.ActiveCfg = Release|x64
		{DAE66C9B-05DC-4ACE-97DA-2547B490BBFF}.Setup|x64.Build.0 = Release|x64
		{D94BD2A6-1872-4F01-B911-F406603AA2E1}.Debug|Win32.ActiveCfg = Debug|Win32
		{D94BD2A6-1872-4F01-B911-F406603AA2E1}.Debug|Win32.Build.0 = Debug|Win32
		{D94BD2A6-1872-4F01-B911-F406603AA2E1}.Debug|x64.ActiveCfg = Debug|Win32
		{D94BD2A6-1872-4F01-B911-F406603AA2E1}.Release|Win32.ActiveCfg = Release|Win32
		{D94BD2A6-1872-4F01-B911-F406603AA2E1}.Release|Win32.Build.0 = Release|Win32
		{D94BD2A6-1872-4F01-B911-F406603AA2E1}.Release|x64.ActiveCfg = Release|Win32
		{D94BD2A6-1872-4F01-B911-F406603AA2E1}.Setup|Win32.ActiveCfg = Release|Win32
		{D94BD2A6-1872-4F01-B911-F406603AA2E1}.Setup|Win32.Build.0 = Release|Win32
		{D94BD2A6-1872-4F01-B911-F406603AA2E1}.Setup|x64.ActiveCfg = Release|Win32
		{81EB6336-366C-47DD-82CF-FF6C36CCD2B5}.Debug|Win32.ActiveCfg = Resource|Win32
		{81EB6336-366C-47DD-82CF-FF6C36CCD2B5}.Debug|Win32.Build.0 = Resource|Win32
		{81EB6336-366C-47DD-82CF-FF6C36CCD2B5}.Debug|x64.ActiveCfg = Resource|Win32
		{81EB6336-366C-47DD-82CF-FF6C36CCD2B5}.Debug|x64.Build.0 = Resource|Win32
		{81EB6336-366C-47DD-82CF-FF6C36CCD2B5}.Release|Win32.ActiveCfg = Resource|Win32
		{81EB6336-366C-47DD-82CF-FF6C36CCD2B5}.Release|Win32.Build.0 = Resource|Win32
		{81EB6336-366C-47DD-82CF-FF6C36CCD2B5}.Release|x64.ActiveCfg = Resource|Win32
		{81EB6336-366C-47DD-82CF-FF6C36CCD2B5}.Release|x64.Build.0 = Resource|Win32
		{81EB6336-366C-47DD-82CF-FF6C36CCD2B5}.Setup|Win32.ActiveCfg = Resource|Win32
		{81EB6336-366C-47DD-82CF-FF6C36CCD2B5}.Setup|Win32.Build.0 = Resource|Win32
		{81EB6336-366C-47DD-82CF-FF6C36CCD2B5}.Setup|x64.ActiveCfg = Resource|Win32
		{81EB6336-366C-47DD-82CF-FF6C36CCD2B5}.Setup|x64.Build.0 = Resource|Win32
		{9DC4EEEA-DC4B-4231-9C00-0DA050B16E50}.Debug|Win32.ActiveCfg = Resource|Win32
		{9DC4EEEA-DC4B-4231-9C00-0DA050B16E50}.Debug|Win32.Build.0 = Resource|Win32
		{9DC4EEEA-DC4B-4231-9C00-0DA050B16E50}.Debug|x64.ActiveCfg = Resource|Win32
		{9DC4EEEA-DC4B-4231-9C00-0DA050B16E50}.Debug|x64.Build.0 = Resource|Win32
		{9DC4EEEA-DC4B-4231-9C00-0DA050B16E50}.Release|Win32.ActiveCfg = Resource|Win32
		{9DC4EEEA-DC4B-4231-9C00-0DA050B16E50}.Release|Win32.Build.0 = Resource|Win32
		{9DC4EEEA-DC4B-4231-9C00-0DA050B16E50}.Release|x64.ActiveCfg = Resource|Win32
		{9DC4EEEA-DC4B-4231-9C00-0DA050B16E50}.Release|x64.Build.0 = Resource|Win32
		{9DC4EEEA-DC4B-4231-9C00-0DA050B16E50}.Setup|Win32.ActiveCfg = Resource|Win32
		{9DC4EEEA-DC4B-4231-9C00-0DA050B16E50}.Setup|Win32.Build.0 = Resource|Win32
		{9DC4EEEA-DC4B-4231-9C00-0DA050B16E50}.Setup|x64.ActiveCfg = Resource|Win32
		{9DC4EEEA-DC4B-4231-9C00-0DA050B16E50}.Setup|x64.Build.0 = Resource|Win32
		{0AFF1E58-761F-4F38-AA54-0C051E5F5010}.Debug|Win32.ActiveCfg = Resource|Win32
		{0AFF1E58-761F-4F38-AA54-0C051E5F5010}.Debug|Win32.Build.0 = Resource|Win32
		{0AFF1E58-761F-4F38-AA54-0C051E5F5010}.Debug|x64.ActiveCfg = Resource|Win32
		{0AFF1E58-761F-4F38-AA54-0C051E5F5010}.Debug|x64.Build.0 = Resource|Win32
		{0AFF1E58-761F-4F38-AA54-0C051E5F5010}.Release|Win32.ActiveCfg = Resource|Win32
		{0AFF1E58-761F-4F38-AA54-0C051E5F5010}.Release|Win32.Build.0 = Resource|Win32
		{0AFF1E58-761F-4F38-AA54-0C051E5F5010}.Release|x64.ActiveCfg = Resource|Win32
		{0AFF1E58-761F-4F38-AA54-0C051E5F5010}.Release|x64.Build.0 = Resource|Win32
		{0AFF1E58-761F-4F38-AA54-0C051E5F5010}.Setup|Win32.ActiveCfg = Resource|Win32
		{0AFF1E58-761F-4F38-AA54-0C051E5F5010}.Setup|Win32.Build.0 = Resource|Win32
		{0AFF1E58-761F-4F38-AA54-0C051E5F5010}.Setup|x64.ActiveCfg = Resource|Win32
		{0AFF1E58-761F-4F38-AA54-0C051E5F5010}.Setup|x64.Build.0 = Resource|Win32
		{02C1673F-01B3-44E3-BFB5-5F4E70FF18FA}.Debug|Win32.ActiveCfg = Resource|Win32
		{02C1673F-01B3-44E3-BFB5-5F4E70FF18FA}.Debug|Win32.Build.0 = Resource|Win32
		{02C1673F-01B3-44E3-BFB5-5F4E70FF18FA}.Debug|x64.ActiveCfg = Resource|Win32
		{02C1673F-01B3-44E3-BFB5-5F4E70FF18FA}.Debug|x64.Build.0 = Resource|Win32
		{02C1673F-01B3-44E3-BFB5-5F4E70FF18FA}.Release|Win32.ActiveCfg = Resource|Win32
		{02C1673F-01B3-44E3-BFB5-5F4E70FF18FA}.Release|Win32.Build.0 = Resource|Win32
		{02C1673F-01B3-44E3-BFB5-5F4E70FF18FA}.Release|x64.ActiveCfg = Resource|Win32
		{02C1673F-01B3-44E3-BFB5-5F4E70FF18FA}.Release|x64.Build.0 = Resource|Win32
		{02C1673F-01B3-44E3-BFB5-5F4E70FF18FA}.Setup|Win32.ActiveCfg = Resource|Win32
		{02C1673F-01B3-44E3-BFB5-5F4E70FF18FA}.Setup|Win32.Build.0 = Resource|Win32
		{02C1673F-01B3-44E3-BFB5-5F4E70FF18FA}.Setup|x64.ActiveCfg = Resource|Win32
		{02C1673F-01B3-44E3-BFB5-5F4E70FF18FA}.Setup|x64.Build.0 = Resource|Win32
		{0DBCD732-1B4A-4912-8984-CCE35E46888A}.Debug|Win32.ActiveCfg = Resource|Win32
		{0DBCD732-1B4A-4912-8984-CCE35E46888A}.Debug|Win32.Build.0 = Resource|Win32
		{0DBCD732-1B4A-4912-8984-CCE35E46888A}.Debug|x64.ActiveCfg = Resource|Win32
		{0DBCD732-1B4A-4912-8984-CCE35E46888A}.Debug|x64.Build.0 = Resource|Win32
		{0DBCD732-1B4A-4912-8984-CCE35E46888A}.Release|Win32.ActiveCfg = Resource|Win32
		{0DBCD732-1B4A-4912-8984-CCE35E46888A}.Release|Win32.Build.0 = Resource|Win32
		{0DBCD732-1B4A-4912-8984-CCE35E46888A}.Release|x64.ActiveCfg = Resource|Win32
		{0DBCD732-1B4A-4912-8984-CCE35E46888A}.Release|x64.Build.0 = Resource|Win32
		{0DBCD732-1B4A-4912-8984-CCE35E46888A}.Setup|Win32.ActiveCfg = Resource|Win32
		{0DBCD732-1B4A-4912-8984-CCE35E46888A}.Setup|Win32.Build.0 = Resource|Win32
		{0DBCD732-1B4A-4912-8984-CCE35E46888A}.Setup|x64.ActiveCfg = Resource|Win32
		{0DBCD732-1B4A-4912-8984-CCE35E46888A}.Setup|x64.Build.0 = Resource|Win32
	EndGlobalSection
	GlobalSection(SolutionProperties) = preSolution
		HideSolutionNode = FALSE
	EndGlobalSection
	GlobalSection(NestedProjects) = preSolution
		{A4A4D3B1-24E7-401E-A37C-72141D7603DC} = {B695E1F6-785D-45CB-BCE0-0E9635DFC1DE}
		{E1017135-9916-4B11-9AC5-1EC0BD8F8CD6} = {B695E1F6-785D-45CB-BCE0-0E9635DFC1DE}
		{0A60FD06-3A81-4651-A869-9850DBC115EA} = {B695E1F6-785D-45CB-BCE0-0E9635DFC1DE}
		{DAE66C9B-05DC-4ACE-97DA-2547B490BBFF} = {B695E1F6-785D-45CB-BCE0-0E9635DFC1DE}
		{81EB6336-366C-47DD-82CF-FF6C36CCD2B5} = {409484D8-C0DB-4991-AF03-124128EDEF98}
		{9DC4EEEA-DC4B-4231-9C00-0DA050B16E50} = {409484D8-C0DB-4991-AF03-124128EDEF98}
		{0AFF1E58-761F-4F38-AA54-0C051E5F5010} = {409484D8-C0DB-4991-AF03-124128EDEF98}
		{02C1673F-01B3-44E3-BFB5-5F4E70FF18FA} = {409484D8-C0DB-4991-AF03-124128EDEF98}
		{0DBCD732-1B4A-4912-8984-CCE35E46888A} = {409484D8-C0DB-4991-AF03-124128EDEF98}
	EndGlobalSection
	GlobalSection(ExtensibilityGlobals) = postSolution
		SolutionGuid = {AF7D0AE8-B556-4840-92EF-CEADC95A5CD1}
	EndGlobalSection
EndGlobal
